// !$*UTF8*$!
{
	archiveVersion = 1;
	classes = {
	};
	objectVersion = 56;
	objects = {

/* Begin PBXBuildFile section */
		80A094612A49D0C30021F49F /* AppDelegate.swift in Sources */ = {isa = PBXBuildFile; fileRef = 80A094602A49D0C30021F49F /* AppDelegate.swift */; };
		80A094632A49D0C30021F49F /* SceneDelegate.swift in Sources */ = {isa = PBXBuildFile; fileRef = 80A094622A49D0C30021F49F /* SceneDelegate.swift */; };
		80A094652A49D0C30021F49F /* ViewController.swift in Sources */ = {isa = PBXBuildFile; fileRef = 80A094642A49D0C30021F49F /* ViewController.swift */; };
		80A094682A49D0C30021F49F /* Main.storyboard in Resources */ = {isa = PBXBuildFile; fileRef = 80A094662A49D0C30021F49F /* Main.storyboard */; };
		80A0946A2A49D0C30021F49F /* Assets.xcassets in Resources */ = {isa = PBXBuildFile; fileRef = 80A094692A49D0C30021F49F /* Assets.xcassets */; };
		80A0946D2A49D0C30021F49F /* LaunchScreen.storyboard in Resources */ = {isa = PBXBuildFile; fileRef = 80A0946B2A49D0C30021F49F /* LaunchScreen.storyboard */; };
		80A094782A49D0C40021F49F /* DemoNetWorkingAlunMofireTests.swift in Sources */ = {isa = PBXBuildFile; fileRef = 80A094772A49D0C40021F49F /* DemoNetWorkingAlunMofireTests.swift */; };
		80A094822A49D0C40021F49F /* DemoNetWorkingAlunMofireUITests.swift in Sources */ = {isa = PBXBuildFile; fileRef = 80A094812A49D0C40021F49F /* DemoNetWorkingAlunMofireUITests.swift */; };
		80A094842A49D0C40021F49F /* DemoNetWorkingAlunMofireUITestsLaunchTests.swift in Sources */ = {isa = PBXBuildFile; fileRef = 80A094832A49D0C40021F49F /* DemoNetWorkingAlunMofireUITestsLaunchTests.swift */; };
		80A094922A49D1450021F49F /* Alamofire in Frameworks */ = {isa = PBXBuildFile; productRef = 80A094912A49D1450021F49F /* Alamofire */; };
		80A094972A49D3430021F49F /* ConversationResponseModel.swift in Sources */ = {isa = PBXBuildFile; fileRef = 80A094962A49D3430021F49F /* ConversationResponseModel.swift */; };
		80A0949A2A49D5DA0021F49F /* APIHandler.swift in Sources */ = {isa = PBXBuildFile; fileRef = 80A094992A49D5DA0021F49F /* APIHandler.swift */; };
		80A094A02A49DA770021F49F /* ConversationssTableViewCell.swift in Sources */ = {isa = PBXBuildFile; fileRef = 80A0949E2A49DA770021F49F /* ConversationssTableViewCell.swift */; };
		80A094A12A49DA770021F49F /* ConversationssTableViewCell.xib in Resources */ = {isa = PBXBuildFile; fileRef = 80A0949F2A49DA770021F49F /* ConversationssTableViewCell.xib */; };
		80A094A42A49DBD50021F49F /* ConversationsTableViewController.swift in Sources */ = {isa = PBXBuildFile; fileRef = 80A094A32A49DBD50021F49F /* ConversationsTableViewController.swift */; };
		80A094A72A49E7A00021F49F /* Kingfisher in Frameworks */ = {isa = PBXBuildFile; productRef = 80A094A62A49E7A00021F49F /* Kingfisher */; };
		80A094AB2A49EA9B0021F49F /* FriendsViewController.swift in Sources */ = {isa = PBXBuildFile; fileRef = 80A094AA2A49EA9B0021F49F /* FriendsViewController.swift */; };
		80A094AE2A49EE590021F49F /* FriendsTableViewCell.swift in Sources */ = {isa = PBXBuildFile; fileRef = 80A094AC2A49EE590021F49F /* FriendsTableViewCell.swift */; };
		80A094AF2A49EE590021F49F /* FriendsTableViewCell.xib in Resources */ = {isa = PBXBuildFile; fileRef = 80A094AD2A49EE590021F49F /* FriendsTableViewCell.xib */; };
		80A094B12A49F0110021F49F /* FriendsResponseModel.swift in Sources */ = {isa = PBXBuildFile; fileRef = 80A094B02A49F0110021F49F /* FriendsResponseModel.swift */; };
/* End PBXBuildFile section */

/* Begin PBXContainerItemProxy section */
		80A094742A49D0C40021F49F /* PBXContainerItemProxy */ = {
			isa = PBXContainerItemProxy;
			containerPortal = 80A094552A49D0C30021F49F /* Project object */;
			proxyType = 1;
			remoteGlobalIDString = 80A0945C2A49D0C30021F49F;
			remoteInfo = DemoNetWorkingAlunMofire;
		};
		80A0947E2A49D0C40021F49F /* PBXContainerItemProxy */ = {
			isa = PBXContainerItemProxy;
			containerPortal = 80A094552A49D0C30021F49F /* Project object */;
			proxyType = 1;
			remoteGlobalIDString = 80A0945C2A49D0C30021F49F;
			remoteInfo = DemoNetWorkingAlunMofire;
		};
/* End PBXContainerItemProxy section */

/* Begin PBXFileReference section */
		80A0945D2A49D0C30021F49F /* DemoNetWorkingAlunMofire.app */ = {isa = PBXFileReference; explicitFileType = wrapper.application; includeInIndex = 0; path = DemoNetWorkingAlunMofire.app; sourceTree = BUILT_PRODUCTS_DIR; };
		80A094602A49D0C30021F49F /* AppDelegate.swift */ = {isa = PBXFileReference; lastKnownFileType = sourcecode.swift; path = AppDelegate.swift; sourceTree = "<group>"; };
		80A094622A49D0C30021F49F /* SceneDelegate.swift */ = {isa = PBXFileReference; lastKnownFileType = sourcecode.swift; path = SceneDelegate.swift; sourceTree = "<group>"; };
		80A094642A49D0C30021F49F /* ViewController.swift */ = {isa = PBXFileReference; lastKnownFileType = sourcecode.swift; path = ViewController.swift; sourceTree = "<group>"; };
		80A094672A49D0C30021F49F /* Base */ = {isa = PBXFileReference; lastKnownFileType = file.storyboard; name = Base; path = Base.lproj/Main.storyboard; sourceTree = "<group>"; };
		80A094692A49D0C30021F49F /* Assets.xcassets */ = {isa = PBXFileReference; lastKnownFileType = folder.assetcatalog; path = Assets.xcassets; sourceTree = "<group>"; };
		80A0946C2A49D0C30021F49F /* Base */ = {isa = PBXFileReference; lastKnownFileType = file.storyboard; name = Base; path = Base.lproj/LaunchScreen.storyboard; sourceTree = "<group>"; };
		80A0946E2A49D0C30021F49F /* Info.plist */ = {isa = PBXFileReference; lastKnownFileType = text.plist.xml; path = Info.plist; sourceTree = "<group>"; };
		80A094732A49D0C40021F49F /* DemoNetWorkingAlunMofireTests.xctest */ = {isa = PBXFileReference; explicitFileType = wrapper.cfbundle; includeInIndex = 0; path = DemoNetWorkingAlunMofireTests.xctest; sourceTree = BUILT_PRODUCTS_DIR; };
		80A094772A49D0C40021F49F /* DemoNetWorkingAlunMofireTests.swift */ = {isa = PBXFileReference; lastKnownFileType = sourcecode.swift; path = DemoNetWorkingAlunMofireTests.swift; sourceTree = "<group>"; };
		80A0947D2A49D0C40021F49F /* DemoNetWorkingAlunMofireUITests.xctest */ = {isa = PBXFileReference; explicitFileType = wrapper.cfbundle; includeInIndex = 0; path = DemoNetWorkingAlunMofireUITests.xctest; sourceTree = BUILT_PRODUCTS_DIR; };
		80A094812A49D0C40021F49F /* DemoNetWorkingAlunMofireUITests.swift */ = {isa = PBXFileReference; lastKnownFileType = sourcecode.swift; path = DemoNetWorkingAlunMofireUITests.swift; sourceTree = "<group>"; };
		80A094832A49D0C40021F49F /* DemoNetWorkingAlunMofireUITestsLaunchTests.swift */ = {isa = PBXFileReference; lastKnownFileType = sourcecode.swift; path = DemoNetWorkingAlunMofireUITestsLaunchTests.swift; sourceTree = "<group>"; };
		80A094962A49D3430021F49F /* ConversationResponseModel.swift */ = {isa = PBXFileReference; lastKnownFileType = sourcecode.swift; path = ConversationResponseModel.swift; sourceTree = "<group>"; };
		80A094992A49D5DA0021F49F /* APIHandler.swift */ = {isa = PBXFileReference; lastKnownFileType = sourcecode.swift; path = APIHandler.swift; sourceTree = "<group>"; };
		80A0949E2A49DA770021F49F /* ConversationssTableViewCell.swift */ = {isa = PBXFileReference; lastKnownFileType = sourcecode.swift; path = ConversationssTableViewCell.swift; sourceTree = "<group>"; };
		80A0949F2A49DA770021F49F /* ConversationssTableViewCell.xib */ = {isa = PBXFileReference; lastKnownFileType = file.xib; path = ConversationssTableViewCell.xib; sourceTree = "<group>"; };
		80A094A32A49DBD50021F49F /* ConversationsTableViewController.swift */ = {isa = PBXFileReference; lastKnownFileType = sourcecode.swift; path = ConversationsTableViewController.swift; sourceTree = "<group>"; };
		80A094AA2A49EA9B0021F49F /* FriendsViewController.swift */ = {isa = PBXFileReference; lastKnownFileType = sourcecode.swift; path = FriendsViewController.swift; sourceTree = "<group>"; };
		80A094AC2A49EE590021F49F /* FriendsTableViewCell.swift */ = {isa = PBXFileReference; lastKnownFileType = sourcecode.swift; path = FriendsTableViewCell.swift; sourceTree = "<group>"; };
		80A094AD2A49EE590021F49F /* FriendsTableViewCell.xib */ = {isa = PBXFileReference; lastKnownFileType = file.xib; path = FriendsTableViewCell.xib; sourceTree = "<group>"; };
		80A094B02A49F0110021F49F /* FriendsResponseModel.swift */ = {isa = PBXFileReference; lastKnownFileType = sourcecode.swift; path = FriendsResponseModel.swift; sourceTree = "<group>"; };
/* End PBXFileReference section */

/* Begin PBXFrameworksBuildPhase section */
		80A0945A2A49D0C30021F49F /* Frameworks */ = {
			isa = PBXFrameworksBuildPhase;
			buildActionMask = 2147483647;
			files = (
				80A094A72A49E7A00021F49F /* Kingfisher in Frameworks */,
				80A094922A49D1450021F49F /* Alamofire in Frameworks */,
			);
			runOnlyForDeploymentPostprocessing = 0;
		};
		80A094702A49D0C40021F49F /* Frameworks */ = {
			isa = PBXFrameworksBuildPhase;
			buildActionMask = 2147483647;
			files = (
			);
			runOnlyForDeploymentPostprocessing = 0;
		};
		80A0947A2A49D0C40021F49F /* Frameworks */ = {
			isa = PBXFrameworksBuildPhase;
			buildActionMask = 2147483647;
			files = (
			);
			runOnlyForDeploymentPostprocessing = 0;
		};
/* End PBXFrameworksBuildPhase section */

/* Begin PBXGroup section */
		80A094542A49D0C30021F49F = {
			isa = PBXGroup;
			children = (
				80A0945F2A49D0C30021F49F /* DemoNetWorkingAlunMofire */,
				80A094762A49D0C40021F49F /* DemoNetWorkingAlunMofireTests */,
				80A094802A49D0C40021F49F /* DemoNetWorkingAlunMofireUITests */,
				80A0945E2A49D0C30021F49F /* Products */,
			);
			sourceTree = "<group>";
		};
		80A0945E2A49D0C30021F49F /* Products */ = {
			isa = PBXGroup;
			children = (
				80A0945D2A49D0C30021F49F /* DemoNetWorkingAlunMofire.app */,
				80A094732A49D0C40021F49F /* DemoNetWorkingAlunMofireTests.xctest */,
				80A0947D2A49D0C40021F49F /* DemoNetWorkingAlunMofireUITests.xctest */,
			);
			name = Products;
			sourceTree = "<group>";
		};
		80A0945F2A49D0C30021F49F /* DemoNetWorkingAlunMofire */ = {
			isa = PBXGroup;
			children = (
				80A094A22A49DB560021F49F /* Controllers */,
				80A0949B2A49D9810021F49F /* Views */,
				80A094982A49D5A80021F49F /* Handlers */,
				80A094932A49D2760021F49F /* Model */,
				80A094602A49D0C30021F49F /* AppDelegate.swift */,
				80A094622A49D0C30021F49F /* SceneDelegate.swift */,
				80A094642A49D0C30021F49F /* ViewController.swift */,
				80A094662A49D0C30021F49F /* Main.storyboard */,
				80A094692A49D0C30021F49F /* Assets.xcassets */,
				80A0946B2A49D0C30021F49F /* LaunchScreen.storyboard */,
				80A0946E2A49D0C30021F49F /* Info.plist */,
			);
			path = DemoNetWorkingAlunMofire;
			sourceTree = "<group>";
		};
		80A094762A49D0C40021F49F /* DemoNetWorkingAlunMofireTests */ = {
			isa = PBXGroup;
			children = (
				80A094772A49D0C40021F49F /* DemoNetWorkingAlunMofireTests.swift */,
			);
			path = DemoNetWorkingAlunMofireTests;
			sourceTree = "<group>";
		};
		80A094802A49D0C40021F49F /* DemoNetWorkingAlunMofireUITests */ = {
			isa = PBXGroup;
			children = (
				80A094812A49D0C40021F49F /* DemoNetWorkingAlunMofireUITests.swift */,
				80A094832A49D0C40021F49F /* DemoNetWorkingAlunMofireUITestsLaunchTests.swift */,
			);
			path = DemoNetWorkingAlunMofireUITests;
			sourceTree = "<group>";
		};
		80A094932A49D2760021F49F /* Model */ = {
			isa = PBXGroup;
			children = (
				80A094952A49D2CB0021F49F /* ResponseModel */,
				80A094942A49D2BB0021F49F /* RequestModel */,
			);
			path = Model;
			sourceTree = "<group>";
		};
		80A094942A49D2BB0021F49F /* RequestModel */ = {
			isa = PBXGroup;
			children = (
			);
			path = RequestModel;
			sourceTree = "<group>";
		};
		80A094952A49D2CB0021F49F /* ResponseModel */ = {
			isa = PBXGroup;
			children = (
				80A094962A49D3430021F49F /* ConversationResponseModel.swift */,
				80A094B02A49F0110021F49F /* FriendsResponseModel.swift */,
			);
			path = ResponseModel;
			sourceTree = "<group>";
		};
		80A094982A49D5A80021F49F /* Handlers */ = {
			isa = PBXGroup;
			children = (
				80A094992A49D5DA0021F49F /* APIHandler.swift */,
			);
			path = Handlers;
			sourceTree = "<group>";
		};
		80A0949B2A49D9810021F49F /* Views */ = {
			isa = PBXGroup;
			children = (
				80A0949E2A49DA770021F49F /* ConversationssTableViewCell.swift */,
				80A0949F2A49DA770021F49F /* ConversationssTableViewCell.xib */,
				80A094AC2A49EE590021F49F /* FriendsTableViewCell.swift */,
				80A094AD2A49EE590021F49F /* FriendsTableViewCell.xib */,
			);
			path = Views;
			sourceTree = "<group>";
		};
		80A094A22A49DB560021F49F /* Controllers */ = {
			isa = PBXGroup;
			children = (
				80A094A32A49DBD50021F49F /* ConversationsTableViewController.swift */,
				80A094AA2A49EA9B0021F49F /* FriendsViewController.swift */,
			);
			path = Controllers;
			sourceTree = "<group>";
		};
/* End PBXGroup section */

/* Begin PBXNativeTarget section */
		80A0945C2A49D0C30021F49F /* DemoNetWorkingAlunMofire */ = {
			isa = PBXNativeTarget;
			buildConfigurationList = 80A094872A49D0C40021F49F /* Build configuration list for PBXNativeTarget "DemoNetWorkingAlunMofire" */;
			buildPhases = (
				80A094592A49D0C30021F49F /* Sources */,
				80A0945A2A49D0C30021F49F /* Frameworks */,
				80A0945B2A49D0C30021F49F /* Resources */,
			);
			buildRules = (
			);
			dependencies = (
			);
			name = DemoNetWorkingAlunMofire;
			packageProductDependencies = (
				80A094912A49D1450021F49F /* Alamofire */,
				80A094A62A49E7A00021F49F /* Kingfisher */,
			);
			productName = DemoNetWorkingAlunMofire;
			productReference = 80A0945D2A49D0C30021F49F /* DemoNetWorkingAlunMofire.app */;
			productType = "com.apple.product-type.application";
		};
		80A094722A49D0C40021F49F /* DemoNetWorkingAlunMofireTests */ = {
			isa = PBXNativeTarget;
			buildConfigurationList = 80A0948A2A49D0C40021F49F /* Build configuration list for PBXNativeTarget "DemoNetWorkingAlunMofireTests" */;
			buildPhases = (
				80A0946F2A49D0C40021F49F /* Sources */,
				80A094702A49D0C40021F49F /* Frameworks */,
				80A094712A49D0C40021F49F /* Resources */,
			);
			buildRules = (
			);
			dependencies = (
				80A094752A49D0C40021F49F /* PBXTargetDependency */,
			);
			name = DemoNetWorkingAlunMofireTests;
			productName = DemoNetWorkingAlunMofireTests;
			productReference = 80A094732A49D0C40021F49F /* DemoNetWorkingAlunMofireTests.xctest */;
			productType = "com.apple.product-type.bundle.unit-test";
		};
		80A0947C2A49D0C40021F49F /* DemoNetWorkingAlunMofireUITests */ = {
			isa = PBXNativeTarget;
			buildConfigurationList = 80A0948D2A49D0C40021F49F /* Build configuration list for PBXNativeTarget "DemoNetWorkingAlunMofireUITests" */;
			buildPhases = (
				80A094792A49D0C40021F49F /* Sources */,
				80A0947A2A49D0C40021F49F /* Frameworks */,
				80A0947B2A49D0C40021F49F /* Resources */,
			);
			buildRules = (
			);
			dependencies = (
				80A0947F2A49D0C40021F49F /* PBXTargetDependency */,
			);
			name = DemoNetWorkingAlunMofireUITests;
			productName = DemoNetWorkingAlunMofireUITests;
			productReference = 80A0947D2A49D0C40021F49F /* DemoNetWorkingAlunMofireUITests.xctest */;
			productType = "com.apple.product-type.bundle.ui-testing";
		};
/* End PBXNativeTarget section */

/* Begin PBXProject section */
		80A094552A49D0C30021F49F /* Project object */ = {
			isa = PBXProject;
			attributes = {
				BuildIndependentTargetsInParallel = 1;
				LastSwiftUpdateCheck = 1430;
				LastUpgradeCheck = 1430;
				TargetAttributes = {
					80A0945C2A49D0C30021F49F = {
						CreatedOnToolsVersion = 14.3.1;
					};
					80A094722A49D0C40021F49F = {
						CreatedOnToolsVersion = 14.3.1;
						TestTargetID = 80A0945C2A49D0C30021F49F;
					};
					80A0947C2A49D0C40021F49F = {
						CreatedOnToolsVersion = 14.3.1;
						TestTargetID = 80A0945C2A49D0C30021F49F;
					};
				};
			};
			buildConfigurationList = 80A094582A49D0C30021F49F /* Build configuration list for PBXProject "DemoNetWorkingAlunMofire" */;
			compatibilityVersion = "Xcode 14.0";
			developmentRegion = en;
			hasScannedForEncodings = 0;
			knownRegions = (
				en,
				Base,
			);
			mainGroup = 80A094542A49D0C30021F49F;
			packageReferences = (
				80A094902A49D1450021F49F /* XCRemoteSwiftPackageReference "Alamofire" */,
				80A094A52A49E7A00021F49F /* XCRemoteSwiftPackageReference "Kingfisher" */,
			);
			productRefGroup = 80A0945E2A49D0C30021F49F /* Products */;
			projectDirPath = "";
			projectRoot = "";
			targets = (
				80A0945C2A49D0C30021F49F /* DemoNetWorkingAlunMofire */,
				80A094722A49D0C40021F49F /* DemoNetWorkingAlunMofireTests */,
				80A0947C2A49D0C40021F49F /* DemoNetWorkingAlunMofireUITests */,
			);
		};
/* End PBXProject section */

/* Begin PBXResourcesBuildPhase section */
		80A0945B2A49D0C30021F49F /* Resources */ = {
			isa = PBXResourcesBuildPhase;
			buildActionMask = 2147483647;
			files = (
				80A094A12A49DA770021F49F /* ConversationssTableViewCell.xib in Resources */,
				80A094AF2A49EE590021F49F /* FriendsTableViewCell.xib in Resources */,
				80A0946D2A49D0C30021F49F /* LaunchScreen.storyboard in Resources */,
				80A0946A2A49D0C30021F49F /* Assets.xcassets in Resources */,
				80A094682A49D0C30021F49F /* Main.storyboard in Resources */,
			);
			runOnlyForDeploymentPostprocessing = 0;
		};
		80A094712A49D0C40021F49F /* Resources */ = {
			isa = PBXResourcesBuildPhase;
			buildActionMask = 2147483647;
			files = (
			);
			runOnlyForDeploymentPostprocessing = 0;
		};
		80A0947B2A49D0C40021F49F /* Resources */ = {
			isa = PBXResourcesBuildPhase;
			buildActionMask = 2147483647;
			files = (
			);
			runOnlyForDeploymentPostprocessing = 0;
		};
/* End PBXResourcesBuildPhase section */

/* Begin PBXSourcesBuildPhase section */
		80A094592A49D0C30021F49F /* Sources */ = {
			isa = PBXSourcesBuildPhase;
			buildActionMask = 2147483647;
			files = (
				80A094AE2A49EE590021F49F /* FriendsTableViewCell.swift in Sources */,
				80A094AB2A49EA9B0021F49F /* FriendsViewController.swift in Sources */,
				80A094B12A49F0110021F49F /* FriendsResponseModel.swift in Sources */,
				80A094652A49D0C30021F49F /* ViewController.swift in Sources */,
				80A094972A49D3430021F49F /* ConversationResponseModel.swift in Sources */,
				80A094A02A49DA770021F49F /* ConversationssTableViewCell.swift in Sources */,
				80A0949A2A49D5DA0021F49F /* APIHandler.swift in Sources */,
				80A094A42A49DBD50021F49F /* ConversationsTableViewController.swift in Sources */,
				80A094612A49D0C30021F49F /* AppDelegate.swift in Sources */,
				80A094632A49D0C30021F49F /* SceneDelegate.swift in Sources */,
			);
			runOnlyForDeploymentPostprocessing = 0;
		};
		80A0946F2A49D0C40021F49F /* Sources */ = {
			isa = PBXSourcesBuildPhase;
			buildActionMask = 2147483647;
			files = (
				80A094782A49D0C40021F49F /* DemoNetWorkingAlunMofireTests.swift in Sources */,
			);
			runOnlyForDeploymentPostprocessing = 0;
		};
		80A094792A49D0C40021F49F /* Sources */ = {
			isa = PBXSourcesBuildPhase;
			buildActionMask = 2147483647;
			files = (
				80A094822A49D0C40021F49F /* DemoNetWorkingAlunMofireUITests.swift in Sources */,
				80A094842A49D0C40021F49F /* DemoNetWorkingAlunMofireUITestsLaunchTests.swift in Sources */,
			);
			runOnlyForDeploymentPostprocessing = 0;
		};
/* End PBXSourcesBuildPhase section */

/* Begin PBXTargetDependency section */
		80A094752A49D0C40021F49F /* PBXTargetDependency */ = {
			isa = PBXTargetDependency;
			target = 80A0945C2A49D0C30021F49F /* DemoNetWorkingAlunMofire */;
			targetProxy = 80A094742A49D0C40021F49F /* PBXContainerItemProxy */;
		};
		80A0947F2A49D0C40021F49F /* PBXTargetDependency */ = {
			isa = PBXTargetDependency;
			target = 80A0945C2A49D0C30021F49F /* DemoNetWorkingAlunMofire */;
			targetProxy = 80A0947E2A49D0C40021F49F /* PBXContainerItemProxy */;
		};
/* End PBXTargetDependency section */

/* Begin PBXVariantGroup section */
		80A094662A49D0C30021F49F /* Main.storyboard */ = {
			isa = PBXVariantGroup;
			children = (
				80A094672A49D0C30021F49F /* Base */,
			);
			name = Main.storyboard;
			sourceTree = "<group>";
		};
		80A0946B2A49D0C30021F49F /* LaunchScreen.storyboard */ = {
			isa = PBXVariantGroup;
			children = (
				80A0946C2A49D0C30021F49F /* Base */,
			);
			name = LaunchScreen.storyboard;
			sourceTree = "<group>";
		};
/* End PBXVariantGroup section */

/* Begin XCBuildConfiguration section */
		80A094852A49D0C40021F49F /* Debug */ = {
			isa = XCBuildConfiguration;
			buildSettings = {
				ALWAYS_SEARCH_USER_PATHS = NO;
				CLANG_ANALYZER_NONNULL = YES;
				CLANG_ANALYZER_NUMBER_OBJECT_CONVERSION = YES_AGGRESSIVE;
				CLANG_CXX_LANGUAGE_STANDARD = "gnu++20";
				CLANG_ENABLE_MODULES = YES;
				CLANG_ENABLE_OBJC_ARC = YES;
				CLANG_ENABLE_OBJC_WEAK = YES;
				CLANG_WARN_BLOCK_CAPTURE_AUTORELEASING = YES;
				CLANG_WARN_BOOL_CONVERSION = YES;
				CLANG_WARN_COMMA = YES;
				CLANG_WARN_CONSTANT_CONVERSION = YES;
				CLANG_WARN_DEPRECATED_OBJC_IMPLEMENTATIONS = YES;
				CLANG_WARN_DIRECT_OBJC_ISA_USAGE = YES_ERROR;
				CLANG_WARN_DOCUMENTATION_COMMENTS = YES;
				CLANG_WARN_EMPTY_BODY = YES;
				CLANG_WARN_ENUM_CONVERSION = YES;
				CLANG_WARN_INFINITE_RECURSION = YES;
				CLANG_WARN_INT_CONVERSION = YES;
				CLANG_WARN_NON_LITERAL_NULL_CONVERSION = YES;
				CLANG_WARN_OBJC_IMPLICIT_RETAIN_SELF = YES;
				CLANG_WARN_OBJC_LITERAL_CONVERSION = YES;
				CLANG_WARN_OBJC_ROOT_CLASS = YES_ERROR;
				CLANG_WARN_QUOTED_INCLUDE_IN_FRAMEWORK_HEADER = YES;
				CLANG_WARN_RANGE_LOOP_ANALYSIS = YES;
				CLANG_WARN_STRICT_PROTOTYPES = YES;
				CLANG_WARN_SUSPICIOUS_MOVE = YES;
				CLANG_WARN_UNGUARDED_AVAILABILITY = YES_AGGRESSIVE;
				CLANG_WARN_UNREACHABLE_CODE = YES;
				CLANG_WARN__DUPLICATE_METHOD_MATCH = YES;
				COPY_PHASE_STRIP = NO;
				DEBUG_INFORMATION_FORMAT = dwarf;
				ENABLE_STRICT_OBJC_MSGSEND = YES;
				ENABLE_TESTABILITY = YES;
				GCC_C_LANGUAGE_STANDARD = gnu11;
				GCC_DYNAMIC_NO_PIC = NO;
				GCC_NO_COMMON_BLOCKS = YES;
				GCC_OPTIMIZATION_LEVEL = 0;
				GCC_PREPROCESSOR_DEFINITIONS = (
					"DEBUG=1",
					"$(inherited)",
				);
				GCC_WARN_64_TO_32_BIT_CONVERSION = YES;
				GCC_WARN_ABOUT_RETURN_TYPE = YES_ERROR;
				GCC_WARN_UNDECLARED_SELECTOR = YES;
				GCC_WARN_UNINITIALIZED_AUTOS = YES_AGGRESSIVE;
				GCC_WARN_UNUSED_FUNCTION = YES;
				GCC_WARN_UNUSED_VARIABLE = YES;
				IPHONEOS_DEPLOYMENT_TARGET = 16.4;
				MTL_ENABLE_DEBUG_INFO = INCLUDE_SOURCE;
				MTL_FAST_MATH = YES;
				ONLY_ACTIVE_ARCH = YES;
				SDKROOT = iphoneos;
				SWIFT_ACTIVE_COMPILATION_CONDITIONS = DEBUG;
				SWIFT_OPTIMIZATION_LEVEL = "-Onone";
			};
			name = Debug;
		};
		80A094862A49D0C40021F49F /* Release */ = {
			isa = XCBuildConfiguration;
			buildSettings = {
				ALWAYS_SEARCH_USER_PATHS = NO;
				CLANG_ANALYZER_NONNULL = YES;
				CLANG_ANALYZER_NUMBER_OBJECT_CONVERSION = YES_AGGRESSIVE;
				CLANG_CXX_LANGUAGE_STANDARD = "gnu++20";
				CLANG_ENABLE_MODULES = YES;
				CLANG_ENABLE_OBJC_ARC = YES;
				CLANG_ENABLE_OBJC_WEAK = YES;
				CLANG_WARN_BLOCK_CAPTURE_AUTORELEASING = YES;
				CLANG_WARN_BOOL_CONVERSION = YES;
				CLANG_WARN_COMMA = YES;
				CLANG_WARN_CONSTANT_CONVERSION = YES;
				CLANG_WARN_DEPRECATED_OBJC_IMPLEMENTATIONS = YES;
				CLANG_WARN_DIRECT_OBJC_ISA_USAGE = YES_ERROR;
				CLANG_WARN_DOCUMENTATION_COMMENTS = YES;
				CLANG_WARN_EMPTY_BODY = YES;
				CLANG_WARN_ENUM_CONVERSION = YES;
				CLANG_WARN_INFINITE_RECURSION = YES;
				CLANG_WARN_INT_CONVERSION = YES;
				CLANG_WARN_NON_LITERAL_NULL_CONVERSION = YES;
				CLANG_WARN_OBJC_IMPLICIT_RETAIN_SELF = YES;
				CLANG_WARN_OBJC_LITERAL_CONVERSION = YES;
				CLANG_WARN_OBJC_ROOT_CLASS = YES_ERROR;
				CLANG_WARN_QUOTED_INCLUDE_IN_FRAMEWORK_HEADER = YES;
				CLANG_WARN_RANGE_LOOP_ANALYSIS = YES;
				CLANG_WARN_STRICT_PROTOTYPES = YES;
				CLANG_WARN_SUSPICIOUS_MOVE = YES;
				CLANG_WARN_UNGUARDED_AVAILABILITY = YES_AGGRESSIVE;
				CLANG_WARN_UNREACHABLE_CODE = YES;
				CLANG_WARN__DUPLICATE_METHOD_MATCH = YES;
				COPY_PHASE_STRIP = NO;
				DEBUG_INFORMATION_FORMAT = "dwarf-with-dsym";
				ENABLE_NS_ASSERTIONS = NO;
				ENABLE_STRICT_OBJC_MSGSEND = YES;
				GCC_C_LANGUAGE_STANDARD = gnu11;
				GCC_NO_COMMON_BLOCKS = YES;
				GCC_WARN_64_TO_32_BIT_CONVERSION = YES;
				GCC_WARN_ABOUT_RETURN_TYPE = YES_ERROR;
				GCC_WARN_UNDECLARED_SELECTOR = YES;
				GCC_WARN_UNINITIALIZED_AUTOS = YES_AGGRESSIVE;
				GCC_WARN_UNUSED_FUNCTION = YES;
				GCC_WARN_UNUSED_VARIABLE = YES;
				IPHONEOS_DEPLOYMENT_TARGET = 16.4;
				MTL_ENABLE_DEBUG_INFO = NO;
				MTL_FAST_MATH = YES;
				SDKROOT = iphoneos;
				SWIFT_COMPILATION_MODE = wholemodule;
				SWIFT_OPTIMIZATION_LEVEL = "-O";
				VALIDATE_PRODUCT = YES;
			};
			name = Release;
		};
		80A094882A49D0C40021F49F /* Debug */ = {
			isa = XCBuildConfiguration;
			buildSettings = {
				ASSETCATALOG_COMPILER_APPICON_NAME = AppIcon;
				ASSETCATALOG_COMPILER_GLOBAL_ACCENT_COLOR_NAME = AccentColor;
				CODE_SIGN_STYLE = Automatic;
				CURRENT_PROJECT_VERSION = 1;
				GENERATE_INFOPLIST_FILE = YES;
				INFOPLIST_FILE = DemoNetWorkingAlunMofire/Info.plist;
				INFOPLIST_KEY_UIApplicationSupportsIndirectInputEvents = YES;
				INFOPLIST_KEY_UILaunchStoryboardName = LaunchScreen;
				INFOPLIST_KEY_UIMainStoryboardFile = Main;
				INFOPLIST_KEY_UISupportedInterfaceOrientations_iPad = "UIInterfaceOrientationPortrait UIInterfaceOrientationPortraitUpsideDown UIInterfaceOrientationLandscapeLeft UIInterfaceOrientationLandscapeRight";
				INFOPLIST_KEY_UISupportedInterfaceOrientations_iPhone = "UIInterfaceOrientationPortrait UIInterfaceOrientationLandscapeLeft UIInterfaceOrientationLandscapeRight";
				LD_RUNPATH_SEARCH_PATHS = (
					"$(inherited)",
					"@executable_path/Frameworks",
				);
				MARKETING_VERSION = 1.0;
				PRODUCT_BUNDLE_IDENTIFIER = com.duanvd.DemoNetWorkingAlunMofire;
				PRODUCT_NAME = "$(TARGET_NAME)";
				SWIFT_EMIT_LOC_STRINGS = YES;
				SWIFT_VERSION = 5.0;
				TARGETED_DEVICE_FAMILY = "1,2";
			};
			name = Debug;
		};
		80A094892A49D0C40021F49F /* Release */ = {
			isa = XCBuildConfiguration;
			buildSettings = {
				ASSETCATALOG_COMPILER_APPICON_NAME = AppIcon;
				ASSETCATALOG_COMPILER_GLOBAL_ACCENT_COLOR_NAME = AccentColor;
				CODE_SIGN_STYLE = Automatic;
				CURRENT_PROJECT_VERSION = 1;
				GENERATE_INFOPLIST_FILE = YES;
				INFOPLIST_FILE = DemoNetWorkingAlunMofire/Info.plist;
				INFOPLIST_KEY_UIApplicationSupportsIndirectInputEvents = YES;
				INFOPLIST_KEY_UILaunchStoryboardName = LaunchScreen;
				INFOPLIST_KEY_UIMainStoryboardFile = Main;
				INFOPLIST_KEY_UISupportedInterfaceOrientations_iPad = "UIInterfaceOrientationPortrait UIInterfaceOrientationPortraitUpsideDown UIInterfaceOrientationLandscapeLeft UIInterfaceOrientationLandscapeRight";
				INFOPLIST_KEY_UISupportedInterfaceOrientations_iPhone = "UIInterfaceOrientationPortrait UIInterfaceOrientationLandscapeLeft UIInterfaceOrientationLandscapeRight";
				LD_RUNPATH_SEARCH_PATHS = (
					"$(inherited)",
					"@executable_path/Frameworks",
				);
				MARKETING_VERSION = 1.0;
				PRODUCT_BUNDLE_IDENTIFIER = com.duanvd.DemoNetWorkingAlunMofire;
				PRODUCT_NAME = "$(TARGET_NAME)";
				SWIFT_EMIT_LOC_STRINGS = YES;
				SWIFT_VERSION = 5.0;
				TARGETED_DEVICE_FAMILY = "1,2";
			};
			name = Release;
		};
		80A0948B2A49D0C40021F49F /* Debug */ = {
			isa = XCBuildConfiguration;
			buildSettings = {
				ALWAYS_EMBED_SWIFT_STANDARD_LIBRARIES = YES;
				BUNDLE_LOADER = "$(TEST_HOST)";
				CODE_SIGN_STYLE = Automatic;
				CURRENT_PROJECT_VERSION = 1;
				GENERATE_INFOPLIST_FILE = YES;
				IPHONEOS_DEPLOYMENT_TARGET = 16.4;
				MARKETING_VERSION = 1.0;
				PRODUCT_BUNDLE_IDENTIFIER = com.duanvd.DemoNetWorkingAlunMofireTests;
				PRODUCT_NAME = "$(TARGET_NAME)";
				SWIFT_EMIT_LOC_STRINGS = NO;
				SWIFT_VERSION = 5.0;
				TARGETED_DEVICE_FAMILY = "1,2";
				TEST_HOST = "$(BUILT_PRODUCTS_DIR)/DemoNetWorkingAlunMofire.app/$(BUNDLE_EXECUTABLE_FOLDER_PATH)/DemoNetWorkingAlunMofire";
			};
			name = Debug;
		};
		80A0948C2A49D0C40021F49F /* Release */ = {
			isa = XCBuildConfiguration;
			buildSettings = {
				ALWAYS_EMBED_SWIFT_STANDARD_LIBRARIES = YES;
				BUNDLE_LOADER = "$(TEST_HOST)";
				CODE_SIGN_STYLE = Automatic;
				CURRENT_PROJECT_VERSION = 1;
				GENERATE_INFOPLIST_FILE = YES;
				IPHONEOS_DEPLOYMENT_TARGET = 16.4;
				MARKETING_VERSION = 1.0;
				PRODUCT_BUNDLE_IDENTIFIER = com.duanvd.DemoNetWorkingAlunMofireTests;
				PRODUCT_NAME = "$(TARGET_NAME)";
				SWIFT_EMIT_LOC_STRINGS = NO;
				SWIFT_VERSION = 5.0;
				TARGETED_DEVICE_FAMILY = "1,2";
				TEST_HOST = "$(BUILT_PRODUCTS_DIR)/DemoNetWorkingAlunMofire.app/$(BUNDLE_EXECUTABLE_FOLDER_PATH)/DemoNetWorkingAlunMofire";
			};
			name = Release;
		};
		80A0948E2A49D0C40021F49F /* Debug */ = {
			isa = XCBuildConfiguration;
			buildSettings = {
				ALWAYS_EMBED_SWIFT_STANDARD_LIBRARIES = YES;
				CODE_SIGN_STYLE = Automatic;
				CURRENT_PROJECT_VERSION = 1;
				GENERATE_INFOPLIST_FILE = YES;
				MARKETING_VERSION = 1.0;
				PRODUCT_BUNDLE_IDENTIFIER = com.duanvd.DemoNetWorkingAlunMofireUITests;
				PRODUCT_NAME = "$(TARGET_NAME)";
				SWIFT_EMIT_LOC_STRINGS = NO;
				SWIFT_VERSION = 5.0;
				TARGETED_DEVICE_FAMILY = "1,2";
				TEST_TARGET_NAME = DemoNetWorkingAlunMofire;
			};
			name = Debug;
		};
		80A0948F2A49D0C40021F49F /* Release */ = {
			isa = XCBuildConfiguration;
			buildSettings = {
				ALWAYS_EMBED_SWIFT_STANDARD_LIBRARIES = YES;
				CODE_SIGN_STYLE = Automatic;
				CURRENT_PROJECT_VERSION = 1;
				GENERATE_INFOPLIST_FILE = YES;
				MARKETING_VERSION = 1.0;
				PRODUCT_BUNDLE_IDENTIFIER = com.duanvd.DemoNetWorkingAlunMofireUITests;
				PRODUCT_NAME = "$(TARGET_NAME)";
				SWIFT_EMIT_LOC_STRINGS = NO;
				SWIFT_VERSION = 5.0;
				TARGETED_DEVICE_FAMILY = "1,2";
				TEST_TARGET_NAME = DemoNetWorkingAlunMofire;
			};
			name = Release;
		};
/* End XCBuildConfiguration section */

/* Begin XCConfigurationList section */
		80A094582A49D0C30021F49F /* Build configuration list for PBXProject "DemoNetWorkingAlunMofire" */ = {
			isa = XCConfigurationList;
			buildConfigurations = (
				80A094852A49D0C40021F49F /* Debug */,
				80A094862A49D0C40021F49F /* Release */,
			);
			defaultConfigurationIsVisible = 0;
			defaultConfigurationName = Release;
		};
		80A094872A49D0C40021F49F /* Build configuration list for PBXNativeTarget "DemoNetWorkingAlunMofire" */ = {
			isa = XCConfigurationList;
			buildConfigurations = (
				80A094882A49D0C40021F49F /* Debug */,
				80A094892A49D0C40021F49F /* Release */,
			);
			defaultConfigurationIsVisible = 0;
			defaultConfigurationName = Release;
		};
		80A0948A2A49D0C40021F49F /* Build configuration list for PBXNativeTarget "DemoNetWorkingAlunMofireTests" */ = {
			isa = XCConfigurationList;
			buildConfigurations = (
				80A0948B2A49D0C40021F49F /* Debug */,
				80A0948C2A49D0C40021F49F /* Release */,
			);
			defaultConfigurationIsVisible = 0;
			defaultConfigurationName = Release;
		};
		80A0948D2A49D0C40021F49F /* Build configuration list for PBXNativeTarget "DemoNetWorkingAlunMofireUITests" */ = {
			isa = XCConfigurationList;
			buildConfigurations = (
				80A0948E2A49D0C40021F49F /* Debug */,
				80A0948F2A49D0C40021F49F /* Release */,
			);
			defaultConfigurationIsVisible = 0;
			defaultConfigurationName = Release;
		};
/* End XCConfigurationList section */

/* Begin XCRemoteSwiftPackageReference section */
		80A094902A49D1450021F49F /* XCRemoteSwiftPackageReference "Alamofire" */ = {
			isa = XCRemoteSwiftPackageReference;
			repositoryURL = "https://github.com/Alamofire/Alamofire.git";
			requirement = {
				kind = upToNextMajorVersion;
				minimumVersion = 5.0.0;
			};
		};
		80A094A52A49E7A00021F49F /* XCRemoteSwiftPackageReference "Kingfisher" */ = {
			isa = XCRemoteSwiftPackageReference;
			repositoryURL = "https://github.com/onevcat/Kingfisher.git";
			requirement = {
				kind = upToNextMajorVersion;
				minimumVersion = 7.0.0;
			};
		};
/* End XCRemoteSwiftPackageReference section */

/* Begin XCSwiftPackageProductDependency section */
		80A094912A49D1450021F49F /* Alamofire */ = {
			isa = XCSwiftPackageProductDependency;
			package = 80A094902A49D1450021F49F /* XCRemoteSwiftPackageReference "Alamofire" */;
			productName = Alamofire;
		};
		80A094A62A49E7A00021F49F /* Kingfisher */ = {
			isa = XCSwiftPackageProductDependency;
			package = 80A094A52A49E7A00021F49F /* XCRemoteSwiftPackageReference "Kingfisher" */;
			productName = Kingfisher;
		};
/* End XCSwiftPackageProductDependency section */
	};
	rootObject = 80A094552A49D0C30021F49F /* Project object */;
}
